// !$*UTF8*$!
{
	archiveVersion = 1;
	classes = {
	};
	objectVersion = 55;
	objects = {

/* Begin PBXBuildFile section */
		46108D272866DDF70028F71E /* ListRoomCardView.swift in Sources */ = {isa = PBXBuildFile; fileRef = 46108D262866DDF70028F71E /* ListRoomCardView.swift */; };
		46108D29286782130028F71E /* RoomViewModel.swift in Sources */ = {isa = PBXBuildFile; fileRef = 46108D28286782130028F71E /* RoomViewModel.swift */; };
		46108D2E286943BD0028F71E /* DetailRoomView.swift in Sources */ = {isa = PBXBuildFile; fileRef = 46108D2D286943BD0028F71E /* DetailRoomView.swift */; };
		46108D3228698E560028F71E /* AlertControl.swift in Sources */ = {isa = PBXBuildFile; fileRef = 46108D3128698E560028F71E /* AlertControl.swift */; };
		4648E4D32861DA8C003AECAC /* Room.swift in Sources */ = {isa = PBXBuildFile; fileRef = 4648E4D22861DA8C003AECAC /* Room.swift */; };
		4648E4D92861EF38003AECAC /* MainViewModel.swift in Sources */ = {isa = PBXBuildFile; fileRef = 4648E4D82861EF38003AECAC /* MainViewModel.swift */; };
		4648E4E22862D071003AECAC /* Enum.swift in Sources */ = {isa = PBXBuildFile; fileRef = 4648E4E12862D071003AECAC /* Enum.swift */; };
		4648E4E42862FE58003AECAC /* LocationListView.swift in Sources */ = {isa = PBXBuildFile; fileRef = 4648E4E32862FE58003AECAC /* LocationListView.swift */; };
		4648E4E628632275003AECAC /* Location.swift in Sources */ = {isa = PBXBuildFile; fileRef = 4648E4E528632275003AECAC /* Location.swift */; };
		4648E4E828633334003AECAC /* LocationButtonView.swift in Sources */ = {isa = PBXBuildFile; fileRef = 4648E4E728633334003AECAC /* LocationButtonView.swift */; };
		4648E4EE28641993003AECAC /* Age.swift in Sources */ = {isa = PBXBuildFile; fileRef = 4648E4ED28641993003AECAC /* Age.swift */; };
		4648E4F2286419E1003AECAC /* LevelOfPlay.swift in Sources */ = {isa = PBXBuildFile; fileRef = 4648E4F1286419E1003AECAC /* LevelOfPlay.swift */; };
		4648E4F4286420BB003AECAC /* Sex.swift in Sources */ = {isa = PBXBuildFile; fileRef = 4648E4F3286420BB003AECAC /* Sex.swift */; };
		467ABA8D2864511000FC7631 /* SingleSelectPreferenceListView.swift in Sources */ = {isa = PBXBuildFile; fileRef = 467ABA8C2864511000FC7631 /* SingleSelectPreferenceListView.swift */; };
		467ABA91286493BD00FC7631 /* ChecklistSheetButtonView.swift in Sources */ = {isa = PBXBuildFile; fileRef = 467ABA90286493BD00FC7631 /* ChecklistSheetButtonView.swift */; };
		467ABA952864960300FC7631 /* MultipleSelectPreferenceListView.swift in Sources */ = {isa = PBXBuildFile; fileRef = 467ABA942864960300FC7631 /* MultipleSelectPreferenceListView.swift */; };
		46BA40002861A906007A7EBF /* CreateRoomView.swift in Sources */ = {isa = PBXBuildFile; fileRef = 46BA3FFF2861A906007A7EBF /* CreateRoomView.swift */; };
		46BA40022861AA89007A7EBF /* SheetButtonView.swift in Sources */ = {isa = PBXBuildFile; fileRef = 46BA40012861AA89007A7EBF /* SheetButtonView.swift */; };
		46BA40042861AAE1007A7EBF /* TextFieldView.swift in Sources */ = {isa = PBXBuildFile; fileRef = 46BA40032861AAE1007A7EBF /* TextFieldView.swift */; };
		46BA40072861BA62007A7EBF /* SheetPresentationForSwiftUI.swift in Sources */ = {isa = PBXBuildFile; fileRef = 46BA40062861BA62007A7EBF /* SheetPresentationForSwiftUI.swift */; };
		46BA400B2861BC6A007A7EBF /* CloudKit.framework in Frameworks */ = {isa = PBXBuildFile; fileRef = 46BA400A2861BC6A007A7EBF /* CloudKit.framework */; };
		C90D4A0528602E5800677561 /* _evenApp.swift in Sources */ = {isa = PBXBuildFile; fileRef = C90D4A0428602E5800677561 /* _evenApp.swift */; };
		C90D4A0728602E5800677561 /* ContentView.swift in Sources */ = {isa = PBXBuildFile; fileRef = C90D4A0628602E5800677561 /* ContentView.swift */; };
		C90D4A0928602E5900677561 /* Assets.xcassets in Resources */ = {isa = PBXBuildFile; fileRef = C90D4A0828602E5900677561 /* Assets.xcassets */; };
		C90D4A0C28602E5900677561 /* Preview Assets.xcassets in Resources */ = {isa = PBXBuildFile; fileRef = C90D4A0B28602E5900677561 /* Preview Assets.xcassets */; };
		C910EE1228657D1F00696237 /* Survey.swift in Sources */ = {isa = PBXBuildFile; fileRef = C910EE1128657D1F00696237 /* Survey.swift */; };
		C9B659442863FCCC0074961A /* FavoriteSportList.swift in Sources */ = {isa = PBXBuildFile; fileRef = C9B659432863FCCC0074961A /* FavoriteSportList.swift */; };
		C9B659462863FCF10074961A /* LoginView.swift in Sources */ = {isa = PBXBuildFile; fileRef = C9B659452863FCF10074961A /* LoginView.swift */; };
		C9B659492863FD930074961A /* FavoriteSportSurveyView.swift in Sources */ = {isa = PBXBuildFile; fileRef = C9B659482863FD930074961A /* FavoriteSportSurveyView.swift */; };
		C9E67AF1286884EB007B63D5 /* SurveyViewModel.swift in Sources */ = {isa = PBXBuildFile; fileRef = C9E67AF0286884EB007B63D5 /* SurveyViewModel.swift */; };
		C9E67AF528689DF9007B63D5 /* EditProfileView.swift in Sources */ = {isa = PBXBuildFile; fileRef = C9E67AF428689DF9007B63D5 /* EditProfileView.swift */; };
		C9ED0F8F286582A400B7E6FE /* MoreDetailsSurveyView.swift in Sources */ = {isa = PBXBuildFile; fileRef = C9ED0F8E286582A400B7E6FE /* MoreDetailsSurveyView.swift */; };
		C9ED0F91286582EC00B7E6FE /* SurveyPhotoPicker.swift in Sources */ = {isa = PBXBuildFile; fileRef = C9ED0F90286582EC00B7E6FE /* SurveyPhotoPicker.swift */; };
		C9ED0F942865834100B7E6FE /* TabBarView.swift in Sources */ = {isa = PBXBuildFile; fileRef = C9ED0F932865834100B7E6FE /* TabBarView.swift */; };
		C9ED0F982865835900B7E6FE /* SharingView.swift in Sources */ = {isa = PBXBuildFile; fileRef = C9ED0F972865835900B7E6FE /* SharingView.swift */; };
		C9ED0F9A2865836300B7E6FE /* ProfileView.swift in Sources */ = {isa = PBXBuildFile; fileRef = C9ED0F992865836300B7E6FE /* ProfileView.swift */; };
		C9ED0F9C286583AD00B7E6FE /* ListRoomView.swift in Sources */ = {isa = PBXBuildFile; fileRef = C9ED0F9B286583AD00B7E6FE /* ListRoomView.swift */; };
/* End PBXBuildFile section */

/* Begin PBXFileReference section */
		46108D262866DDF70028F71E /* ListRoomCardView.swift */ = {isa = PBXFileReference; lastKnownFileType = sourcecode.swift; path = ListRoomCardView.swift; sourceTree = "<group>"; };
		46108D28286782130028F71E /* RoomViewModel.swift */ = {isa = PBXFileReference; lastKnownFileType = sourcecode.swift; path = RoomViewModel.swift; sourceTree = "<group>"; };
		46108D2C286940410028F71E /* 7even.entitlements */ = {isa = PBXFileReference; fileEncoding = 4; lastKnownFileType = text.plist.entitlements; name = 7even.entitlements; path = ../../7even.entitlements; sourceTree = "<group>"; };
		46108D2D286943BD0028F71E /* DetailRoomView.swift */ = {isa = PBXFileReference; lastKnownFileType = sourcecode.swift; path = DetailRoomView.swift; sourceTree = "<group>"; };
		46108D3128698E560028F71E /* AlertControl.swift */ = {isa = PBXFileReference; lastKnownFileType = sourcecode.swift; path = AlertControl.swift; sourceTree = "<group>"; };
		4648E4D22861DA8C003AECAC /* Room.swift */ = {isa = PBXFileReference; lastKnownFileType = sourcecode.swift; path = Room.swift; sourceTree = "<group>"; };
		4648E4D82861EF38003AECAC /* MainViewModel.swift */ = {isa = PBXFileReference; lastKnownFileType = sourcecode.swift; path = MainViewModel.swift; sourceTree = "<group>"; };
		4648E4E12862D071003AECAC /* Enum.swift */ = {isa = PBXFileReference; lastKnownFileType = sourcecode.swift; path = Enum.swift; sourceTree = "<group>"; };
		4648E4E32862FE58003AECAC /* LocationListView.swift */ = {isa = PBXFileReference; lastKnownFileType = sourcecode.swift; path = LocationListView.swift; sourceTree = "<group>"; };
		4648E4E528632275003AECAC /* Location.swift */ = {isa = PBXFileReference; lastKnownFileType = sourcecode.swift; path = Location.swift; sourceTree = "<group>"; };
		4648E4E728633334003AECAC /* LocationButtonView.swift */ = {isa = PBXFileReference; lastKnownFileType = sourcecode.swift; path = LocationButtonView.swift; sourceTree = "<group>"; };
		4648E4ED28641993003AECAC /* Age.swift */ = {isa = PBXFileReference; lastKnownFileType = sourcecode.swift; path = Age.swift; sourceTree = "<group>"; };
		4648E4F1286419E1003AECAC /* LevelOfPlay.swift */ = {isa = PBXFileReference; lastKnownFileType = sourcecode.swift; path = LevelOfPlay.swift; sourceTree = "<group>"; };
		4648E4F3286420BB003AECAC /* Sex.swift */ = {isa = PBXFileReference; lastKnownFileType = sourcecode.swift; path = Sex.swift; sourceTree = "<group>"; };
		467ABA8C2864511000FC7631 /* SingleSelectPreferenceListView.swift */ = {isa = PBXFileReference; lastKnownFileType = sourcecode.swift; path = SingleSelectPreferenceListView.swift; sourceTree = "<group>"; };
		467ABA90286493BD00FC7631 /* ChecklistSheetButtonView.swift */ = {isa = PBXFileReference; lastKnownFileType = sourcecode.swift; path = ChecklistSheetButtonView.swift; sourceTree = "<group>"; };
		467ABA942864960300FC7631 /* MultipleSelectPreferenceListView.swift */ = {isa = PBXFileReference; lastKnownFileType = sourcecode.swift; path = MultipleSelectPreferenceListView.swift; sourceTree = "<group>"; };
		46BA3FFF2861A906007A7EBF /* CreateRoomView.swift */ = {isa = PBXFileReference; lastKnownFileType = sourcecode.swift; path = CreateRoomView.swift; sourceTree = "<group>"; };
		46BA40012861AA89007A7EBF /* SheetButtonView.swift */ = {isa = PBXFileReference; lastKnownFileType = sourcecode.swift; path = SheetButtonView.swift; sourceTree = "<group>"; };
		46BA40032861AAE1007A7EBF /* TextFieldView.swift */ = {isa = PBXFileReference; lastKnownFileType = sourcecode.swift; path = TextFieldView.swift; sourceTree = "<group>"; };
		46BA40062861BA62007A7EBF /* SheetPresentationForSwiftUI.swift */ = {isa = PBXFileReference; lastKnownFileType = sourcecode.swift; path = SheetPresentationForSwiftUI.swift; sourceTree = "<group>"; };
		46BA400A2861BC6A007A7EBF /* CloudKit.framework */ = {isa = PBXFileReference; lastKnownFileType = wrapper.framework; name = CloudKit.framework; path = System/Library/Frameworks/CloudKit.framework; sourceTree = SDKROOT; };
		C90D4A0128602E5800677561 /* 7even.app */ = {isa = PBXFileReference; explicitFileType = wrapper.application; includeInIndex = 0; path = 7even.app; sourceTree = BUILT_PRODUCTS_DIR; };
		C90D4A0428602E5800677561 /* _evenApp.swift */ = {isa = PBXFileReference; lastKnownFileType = sourcecode.swift; path = _evenApp.swift; sourceTree = "<group>"; };
		C90D4A0628602E5800677561 /* ContentView.swift */ = {isa = PBXFileReference; lastKnownFileType = sourcecode.swift; path = ContentView.swift; sourceTree = "<group>"; };
		C90D4A0828602E5900677561 /* Assets.xcassets */ = {isa = PBXFileReference; lastKnownFileType = folder.assetcatalog; path = Assets.xcassets; sourceTree = "<group>"; };
		C90D4A0B28602E5900677561 /* Preview Assets.xcassets */ = {isa = PBXFileReference; lastKnownFileType = folder.assetcatalog; path = "Preview Assets.xcassets"; sourceTree = "<group>"; };
		C910EE1128657D1F00696237 /* Survey.swift */ = {isa = PBXFileReference; lastKnownFileType = sourcecode.swift; path = Survey.swift; sourceTree = "<group>"; };
		C9B659432863FCCC0074961A /* FavoriteSportList.swift */ = {isa = PBXFileReference; lastKnownFileType = sourcecode.swift; path = FavoriteSportList.swift; sourceTree = "<group>"; };
		C9B659452863FCF10074961A /* LoginView.swift */ = {isa = PBXFileReference; lastKnownFileType = sourcecode.swift; path = LoginView.swift; sourceTree = "<group>"; };
		C9B659482863FD930074961A /* FavoriteSportSurveyView.swift */ = {isa = PBXFileReference; lastKnownFileType = sourcecode.swift; path = FavoriteSportSurveyView.swift; sourceTree = "<group>"; };
		C9E67AF0286884EB007B63D5 /* SurveyViewModel.swift */ = {isa = PBXFileReference; lastKnownFileType = sourcecode.swift; path = SurveyViewModel.swift; sourceTree = "<group>"; };
		C9E67AF428689DF9007B63D5 /* EditProfileView.swift */ = {isa = PBXFileReference; lastKnownFileType = sourcecode.swift; path = EditProfileView.swift; sourceTree = "<group>"; };
		C9ED0F8E286582A400B7E6FE /* MoreDetailsSurveyView.swift */ = {isa = PBXFileReference; lastKnownFileType = sourcecode.swift; path = MoreDetailsSurveyView.swift; sourceTree = "<group>"; };
		C9ED0F90286582EC00B7E6FE /* SurveyPhotoPicker.swift */ = {isa = PBXFileReference; lastKnownFileType = sourcecode.swift; path = SurveyPhotoPicker.swift; sourceTree = "<group>"; };
		C9ED0F932865834100B7E6FE /* TabBarView.swift */ = {isa = PBXFileReference; lastKnownFileType = sourcecode.swift; path = TabBarView.swift; sourceTree = "<group>"; };
		C9ED0F972865835900B7E6FE /* SharingView.swift */ = {isa = PBXFileReference; lastKnownFileType = sourcecode.swift; path = SharingView.swift; sourceTree = "<group>"; };
		C9ED0F992865836300B7E6FE /* ProfileView.swift */ = {isa = PBXFileReference; lastKnownFileType = sourcecode.swift; path = ProfileView.swift; sourceTree = "<group>"; };
		C9ED0F9B286583AD00B7E6FE /* ListRoomView.swift */ = {isa = PBXFileReference; lastKnownFileType = sourcecode.swift; path = ListRoomView.swift; sourceTree = "<group>"; };
/* End PBXFileReference section */

/* Begin PBXFrameworksBuildPhase section */
		C90D49FE28602E5800677561 /* Frameworks */ = {
			isa = PBXFrameworksBuildPhase;
			buildActionMask = 2147483647;
			files = (
				46BA400B2861BC6A007A7EBF /* CloudKit.framework in Frameworks */,
			);
			runOnlyForDeploymentPostprocessing = 0;
		};
/* End PBXFrameworksBuildPhase section */

/* Begin PBXGroup section */
		46BA3FFB2861A89B007A7EBF /* Model */ = {
			isa = PBXGroup;
			children = (
				4648E4D22861DA8C003AECAC /* Room.swift */,
				4648E4E12862D071003AECAC /* Enum.swift */,
				4648E4E528632275003AECAC /* Location.swift */,
				C9B659432863FCCC0074961A /* FavoriteSportList.swift */,
				4648E4ED28641993003AECAC /* Age.swift */,
				4648E4F1286419E1003AECAC /* LevelOfPlay.swift */,
				4648E4F3286420BB003AECAC /* Sex.swift */,
				C910EE1128657D1F00696237 /* Survey.swift */,
			);
			path = Model;
			sourceTree = "<group>";
		};
		46BA3FFC2861A8A1007A7EBF /* View */ = {
			isa = PBXGroup;
			children = (
				C9ED0F922865830B00B7E6FE /* TabBarView */,
				C9B659472863FD310074961A /* SurveyView */,
				C9B659422863FCA50074961A /* LoginView */,
				46BA3FFE2861A8EE007A7EBF /* RoomView */,
			);
			path = View;
			sourceTree = "<group>";
		};
		46BA3FFD2861A8A7007A7EBF /* ViewModel */ = {
			isa = PBXGroup;
			children = (
				4648E4D82861EF38003AECAC /* MainViewModel.swift */,
				46108D28286782130028F71E /* RoomViewModel.swift */,
				C9E67AF0286884EB007B63D5 /* SurveyViewModel.swift */,
			);
			path = ViewModel;
			sourceTree = "<group>";
		};
		46BA3FFE2861A8EE007A7EBF /* RoomView */ = {
			isa = PBXGroup;
			children = (
				46BA3FFF2861A906007A7EBF /* CreateRoomView.swift */,
				46108D2D286943BD0028F71E /* DetailRoomView.swift */,
				46BA40032861AAE1007A7EBF /* TextFieldView.swift */,
				4648E4E728633334003AECAC /* LocationButtonView.swift */,
				4648E4E32862FE58003AECAC /* LocationListView.swift */,
				46BA40012861AA89007A7EBF /* SheetButtonView.swift */,
				467ABA90286493BD00FC7631 /* ChecklistSheetButtonView.swift */,
				467ABA8C2864511000FC7631 /* SingleSelectPreferenceListView.swift */,
				467ABA942864960300FC7631 /* MultipleSelectPreferenceListView.swift */,
			);
			path = RoomView;
			sourceTree = "<group>";
		};
		46BA40052861BA4B007A7EBF /* Modifier */ = {
			isa = PBXGroup;
			children = (
				46BA40062861BA62007A7EBF /* SheetPresentationForSwiftUI.swift */,
				46108D3128698E560028F71E /* AlertControl.swift */,
			);
			path = Modifier;
			sourceTree = "<group>";
		};
		46BA40092861BC6A007A7EBF /* Frameworks */ = {
			isa = PBXGroup;
			children = (
				46BA400A2861BC6A007A7EBF /* CloudKit.framework */,
			);
			name = Frameworks;
			sourceTree = "<group>";
		};
		C90D49F828602E5800677561 = {
			isa = PBXGroup;
			children = (
				C90D4A0328602E5800677561 /* 7even */,
				C90D4A0228602E5800677561 /* Products */,
				46BA40092861BC6A007A7EBF /* Frameworks */,
			);
			sourceTree = "<group>";
		};
		C90D4A0228602E5800677561 /* Products */ = {
			isa = PBXGroup;
			children = (
				C90D4A0128602E5800677561 /* 7even.app */,
			);
			name = Products;
			sourceTree = "<group>";
		};
		C90D4A0328602E5800677561 /* 7even */ = {
			isa = PBXGroup;
			children = (
				46108D2C286940410028F71E /* 7even.entitlements */,
				46BA3FFB2861A89B007A7EBF /* Model */,
				46BA3FFC2861A8A1007A7EBF /* View */,
				46BA3FFD2861A8A7007A7EBF /* ViewModel */,
				46BA40052861BA4B007A7EBF /* Modifier */,
				C90D4A0428602E5800677561 /* _evenApp.swift */,
				C90D4A0628602E5800677561 /* ContentView.swift */,
				C90D4A0828602E5900677561 /* Assets.xcassets */,
				C90D4A0A28602E5900677561 /* Preview Content */,
			);
			path = 7even;
			sourceTree = "<group>";
		};
		C90D4A0A28602E5900677561 /* Preview Content */ = {
			isa = PBXGroup;
			children = (
				C90D4A0B28602E5900677561 /* Preview Assets.xcassets */,
			);
			path = "Preview Content";
			sourceTree = "<group>";
		};
		C9B659422863FCA50074961A /* LoginView */ = {
			isa = PBXGroup;
			children = (
				C9B659452863FCF10074961A /* LoginView.swift */,
			);
			path = LoginView;
			sourceTree = "<group>";
		};
		C9B659472863FD310074961A /* SurveyView */ = {
			isa = PBXGroup;
			children = (
				C9B659482863FD930074961A /* FavoriteSportSurveyView.swift */,
				C9ED0F8E286582A400B7E6FE /* MoreDetailsSurveyView.swift */,
				C9ED0F90286582EC00B7E6FE /* SurveyPhotoPicker.swift */,
			);
			path = SurveyView;
			sourceTree = "<group>";
		};
		C9ED0F922865830B00B7E6FE /* TabBarView */ = {
			isa = PBXGroup;
			children = (
				C9ED0F932865834100B7E6FE /* TabBarView.swift */,
				C9ED0F972865835900B7E6FE /* SharingView.swift */,
				C9ED0F992865836300B7E6FE /* ProfileView.swift */,
				C9ED0F9B286583AD00B7E6FE /* ListRoomView.swift */,
				46108D262866DDF70028F71E /* ListRoomCardView.swift */,
				C9E67AF428689DF9007B63D5 /* EditProfileView.swift */,
			);
			path = TabBarView;
			sourceTree = "<group>";
		};
/* End PBXGroup section */

/* Begin PBXNativeTarget section */
		C90D4A0028602E5800677561 /* 7even */ = {
			isa = PBXNativeTarget;
			buildConfigurationList = C90D4A0F28602E5900677561 /* Build configuration list for PBXNativeTarget "7even" */;
			buildPhases = (
				C90D49FD28602E5800677561 /* Sources */,
				C90D49FE28602E5800677561 /* Frameworks */,
				C90D49FF28602E5800677561 /* Resources */,
			);
			buildRules = (
			);
			dependencies = (
			);
			name = 7even;
			productName = 7even;
			productReference = C90D4A0128602E5800677561 /* 7even.app */;
			productType = "com.apple.product-type.application";
		};
/* End PBXNativeTarget section */

/* Begin PBXProject section */
		C90D49F928602E5800677561 /* Project object */ = {
			isa = PBXProject;
			attributes = {
				BuildIndependentTargetsInParallel = 1;
				LastSwiftUpdateCheck = 1330;
				LastUpgradeCheck = 1330;
				TargetAttributes = {
					C90D4A0028602E5800677561 = {
						CreatedOnToolsVersion = 13.3;
					};
				};
			};
			buildConfigurationList = C90D49FC28602E5800677561 /* Build configuration list for PBXProject "7even" */;
			compatibilityVersion = "Xcode 13.0";
			developmentRegion = en;
			hasScannedForEncodings = 0;
			knownRegions = (
				en,
				Base,
			);
			mainGroup = C90D49F828602E5800677561;
			productRefGroup = C90D4A0228602E5800677561 /* Products */;
			projectDirPath = "";
			projectRoot = "";
			targets = (
				C90D4A0028602E5800677561 /* 7even */,
			);
		};
/* End PBXProject section */

/* Begin PBXResourcesBuildPhase section */
		C90D49FF28602E5800677561 /* Resources */ = {
			isa = PBXResourcesBuildPhase;
			buildActionMask = 2147483647;
			files = (
				C90D4A0C28602E5900677561 /* Preview Assets.xcassets in Resources */,
				C90D4A0928602E5900677561 /* Assets.xcassets in Resources */,
			);
			runOnlyForDeploymentPostprocessing = 0;
		};
/* End PBXResourcesBuildPhase section */

/* Begin PBXSourcesBuildPhase section */
		C90D49FD28602E5800677561 /* Sources */ = {
			isa = PBXSourcesBuildPhase;
			buildActionMask = 2147483647;
			files = (
				46108D29286782130028F71E /* RoomViewModel.swift in Sources */,
				467ABA8D2864511000FC7631 /* SingleSelectPreferenceListView.swift in Sources */,
				46108D272866DDF70028F71E /* ListRoomCardView.swift in Sources */,
				C9E67AF528689DF9007B63D5 /* EditProfileView.swift in Sources */,
				46108D2E286943BD0028F71E /* DetailRoomView.swift in Sources */,
				C9ED0F942865834100B7E6FE /* TabBarView.swift in Sources */,
				4648E4F4286420BB003AECAC /* Sex.swift in Sources */,
				C9ED0F9C286583AD00B7E6FE /* ListRoomView.swift in Sources */,
				C9ED0F8F286582A400B7E6FE /* MoreDetailsSurveyView.swift in Sources */,
				46BA40022861AA89007A7EBF /* SheetButtonView.swift in Sources */,
				46108D3228698E560028F71E /* AlertControl.swift in Sources */,
				C9ED0F91286582EC00B7E6FE /* SurveyPhotoPicker.swift in Sources */,
				4648E4E628632275003AECAC /* Location.swift in Sources */,
				C9E67AF1286884EB007B63D5 /* SurveyViewModel.swift in Sources */,
				C9B659462863FCF10074961A /* LoginView.swift in Sources */,
				4648E4E42862FE58003AECAC /* LocationListView.swift in Sources */,
				467ABA952864960300FC7631 /* MultipleSelectPreferenceListView.swift in Sources */,
				C9ED0F982865835900B7E6FE /* SharingView.swift in Sources */,
				C9B659442863FCCC0074961A /* FavoriteSportList.swift in Sources */,
				46BA40042861AAE1007A7EBF /* TextFieldView.swift in Sources */,
				4648E4D32861DA8C003AECAC /* Room.swift in Sources */,
				46BA40002861A906007A7EBF /* CreateRoomView.swift in Sources */,
				4648E4EE28641993003AECAC /* Age.swift in Sources */,
				C9B659492863FD930074961A /* FavoriteSportSurveyView.swift in Sources */,
				4648E4D92861EF38003AECAC /* MainViewModel.swift in Sources */,
				C90D4A0728602E5800677561 /* ContentView.swift in Sources */,
				C9ED0F9A2865836300B7E6FE /* ProfileView.swift in Sources */,
				4648E4F2286419E1003AECAC /* LevelOfPlay.swift in Sources */,
				467ABA91286493BD00FC7631 /* ChecklistSheetButtonView.swift in Sources */,
				C90D4A0528602E5800677561 /* _evenApp.swift in Sources */,
				4648E4E22862D071003AECAC /* Enum.swift in Sources */,
				C910EE1228657D1F00696237 /* Survey.swift in Sources */,
				46BA40072861BA62007A7EBF /* SheetPresentationForSwiftUI.swift in Sources */,
				4648E4E828633334003AECAC /* LocationButtonView.swift in Sources */,
			);
			runOnlyForDeploymentPostprocessing = 0;
		};
/* End PBXSourcesBuildPhase section */

/* Begin XCBuildConfiguration section */
		C90D4A0D28602E5900677561 /* Debug */ = {
			isa = XCBuildConfiguration;
			buildSettings = {
				ALWAYS_SEARCH_USER_PATHS = NO;
				CLANG_ANALYZER_NONNULL = YES;
				CLANG_ANALYZER_NUMBER_OBJECT_CONVERSION = YES_AGGRESSIVE;
				CLANG_CXX_LANGUAGE_STANDARD = "gnu++17";
				CLANG_ENABLE_MODULES = YES;
				CLANG_ENABLE_OBJC_ARC = YES;
				CLANG_ENABLE_OBJC_WEAK = YES;
				CLANG_WARN_BLOCK_CAPTURE_AUTORELEASING = YES;
				CLANG_WARN_BOOL_CONVERSION = YES;
				CLANG_WARN_COMMA = YES;
				CLANG_WARN_CONSTANT_CONVERSION = YES;
				CLANG_WARN_DEPRECATED_OBJC_IMPLEMENTATIONS = YES;
				CLANG_WARN_DIRECT_OBJC_ISA_USAGE = YES_ERROR;
				CLANG_WARN_DOCUMENTATION_COMMENTS = YES;
				CLANG_WARN_EMPTY_BODY = YES;
				CLANG_WARN_ENUM_CONVERSION = YES;
				CLANG_WARN_INFINITE_RECURSION = YES;
				CLANG_WARN_INT_CONVERSION = YES;
				CLANG_WARN_NON_LITERAL_NULL_CONVERSION = YES;
				CLANG_WARN_OBJC_IMPLICIT_RETAIN_SELF = YES;
				CLANG_WARN_OBJC_LITERAL_CONVERSION = YES;
				CLANG_WARN_OBJC_ROOT_CLASS = YES_ERROR;
				CLANG_WARN_QUOTED_INCLUDE_IN_FRAMEWORK_HEADER = YES;
				CLANG_WARN_RANGE_LOOP_ANALYSIS = YES;
				CLANG_WARN_STRICT_PROTOTYPES = YES;
				CLANG_WARN_SUSPICIOUS_MOVE = YES;
				CLANG_WARN_UNGUARDED_AVAILABILITY = YES_AGGRESSIVE;
				CLANG_WARN_UNREACHABLE_CODE = YES;
				CLANG_WARN__DUPLICATE_METHOD_MATCH = YES;
				COPY_PHASE_STRIP = NO;
				DEBUG_INFORMATION_FORMAT = dwarf;
				ENABLE_STRICT_OBJC_MSGSEND = YES;
				ENABLE_TESTABILITY = YES;
				GCC_C_LANGUAGE_STANDARD = gnu11;
				GCC_DYNAMIC_NO_PIC = NO;
				GCC_NO_COMMON_BLOCKS = YES;
				GCC_OPTIMIZATION_LEVEL = 0;
				GCC_PREPROCESSOR_DEFINITIONS = (
					"DEBUG=1",
					"$(inherited)",
				);
				GCC_WARN_64_TO_32_BIT_CONVERSION = YES;
				GCC_WARN_ABOUT_RETURN_TYPE = YES_ERROR;
				GCC_WARN_UNDECLARED_SELECTOR = YES;
				GCC_WARN_UNINITIALIZED_AUTOS = YES_AGGRESSIVE;
				GCC_WARN_UNUSED_FUNCTION = YES;
				GCC_WARN_UNUSED_VARIABLE = YES;
				IPHONEOS_DEPLOYMENT_TARGET = 15.4;
				MTL_ENABLE_DEBUG_INFO = INCLUDE_SOURCE;
				MTL_FAST_MATH = YES;
				ONLY_ACTIVE_ARCH = YES;
				SDKROOT = iphoneos;
				SWIFT_ACTIVE_COMPILATION_CONDITIONS = DEBUG;
				SWIFT_OPTIMIZATION_LEVEL = "-Onone";
			};
			name = Debug;
		};
		C90D4A0E28602E5900677561 /* Release */ = {
			isa = XCBuildConfiguration;
			buildSettings = {
				ALWAYS_SEARCH_USER_PATHS = NO;
				CLANG_ANALYZER_NONNULL = YES;
				CLANG_ANALYZER_NUMBER_OBJECT_CONVERSION = YES_AGGRESSIVE;
				CLANG_CXX_LANGUAGE_STANDARD = "gnu++17";
				CLANG_ENABLE_MODULES = YES;
				CLANG_ENABLE_OBJC_ARC = YES;
				CLANG_ENABLE_OBJC_WEAK = YES;
				CLANG_WARN_BLOCK_CAPTURE_AUTORELEASING = YES;
				CLANG_WARN_BOOL_CONVERSION = YES;
				CLANG_WARN_COMMA = YES;
				CLANG_WARN_CONSTANT_CONVERSION = YES;
				CLANG_WARN_DEPRECATED_OBJC_IMPLEMENTATIONS = YES;
				CLANG_WARN_DIRECT_OBJC_ISA_USAGE = YES_ERROR;
				CLANG_WARN_DOCUMENTATION_COMMENTS = YES;
				CLANG_WARN_EMPTY_BODY = YES;
				CLANG_WARN_ENUM_CONVERSION = YES;
				CLANG_WARN_INFINITE_RECURSION = YES;
				CLANG_WARN_INT_CONVERSION = YES;
				CLANG_WARN_NON_LITERAL_NULL_CONVERSION = YES;
				CLANG_WARN_OBJC_IMPLICIT_RETAIN_SELF = YES;
				CLANG_WARN_OBJC_LITERAL_CONVERSION = YES;
				CLANG_WARN_OBJC_ROOT_CLASS = YES_ERROR;
				CLANG_WARN_QUOTED_INCLUDE_IN_FRAMEWORK_HEADER = YES;
				CLANG_WARN_RANGE_LOOP_ANALYSIS = YES;
				CLANG_WARN_STRICT_PROTOTYPES = YES;
				CLANG_WARN_SUSPICIOUS_MOVE = YES;
				CLANG_WARN_UNGUARDED_AVAILABILITY = YES_AGGRESSIVE;
				CLANG_WARN_UNREACHABLE_CODE = YES;
				CLANG_WARN__DUPLICATE_METHOD_MATCH = YES;
				COPY_PHASE_STRIP = NO;
				DEBUG_INFORMATION_FORMAT = "dwarf-with-dsym";
				ENABLE_NS_ASSERTIONS = NO;
				ENABLE_STRICT_OBJC_MSGSEND = YES;
				GCC_C_LANGUAGE_STANDARD = gnu11;
				GCC_NO_COMMON_BLOCKS = YES;
				GCC_WARN_64_TO_32_BIT_CONVERSION = YES;
				GCC_WARN_ABOUT_RETURN_TYPE = YES_ERROR;
				GCC_WARN_UNDECLARED_SELECTOR = YES;
				GCC_WARN_UNINITIALIZED_AUTOS = YES_AGGRESSIVE;
				GCC_WARN_UNUSED_FUNCTION = YES;
				GCC_WARN_UNUSED_VARIABLE = YES;
				IPHONEOS_DEPLOYMENT_TARGET = 15.4;
				MTL_ENABLE_DEBUG_INFO = NO;
				MTL_FAST_MATH = YES;
				SDKROOT = iphoneos;
				SWIFT_COMPILATION_MODE = wholemodule;
				SWIFT_OPTIMIZATION_LEVEL = "-O";
				VALIDATE_PRODUCT = YES;
			};
			name = Release;
		};
		C90D4A1028602E5900677561 /* Debug */ = {
			isa = XCBuildConfiguration;
			buildSettings = {
				ASSETCATALOG_COMPILER_APPICON_NAME = AppIcon;
				ASSETCATALOG_COMPILER_GLOBAL_ACCENT_COLOR_NAME = AccentColor;
				CODE_SIGN_ENTITLEMENTS = 7even/7even.entitlements;
				CODE_SIGN_STYLE = Automatic;
				CURRENT_PROJECT_VERSION = 1;
				DEVELOPMENT_ASSET_PATHS = "\"7even/Preview Content\"";
				DEVELOPMENT_TEAM = P66CL8827J;
				ENABLE_PREVIEWS = YES;
				GENERATE_INFOPLIST_FILE = YES;
				INFOPLIST_KEY_UIApplicationSceneManifest_Generation = YES;
				INFOPLIST_KEY_UIApplicationSupportsIndirectInputEvents = YES;
				INFOPLIST_KEY_UILaunchScreen_Generation = YES;
				INFOPLIST_KEY_UISupportedInterfaceOrientations_iPad = "UIInterfaceOrientationPortrait UIInterfaceOrientationPortraitUpsideDown UIInterfaceOrientationLandscapeLeft UIInterfaceOrientationLandscapeRight";
				INFOPLIST_KEY_UISupportedInterfaceOrientations_iPhone = "UIInterfaceOrientationPortrait UIInterfaceOrientationLandscapeLeft UIInterfaceOrientationLandscapeRight";
				LD_RUNPATH_SEARCH_PATHS = (
					"$(inherited)",
					"@executable_path/Frameworks",
				);
				MARKETING_VERSION = 1.0;
				PRODUCT_BUNDLE_IDENTIFIER = "MiniChallenge.-even";
				PRODUCT_NAME = "$(TARGET_NAME)";
				SWIFT_EMIT_LOC_STRINGS = YES;
				SWIFT_VERSION = 5.0;
				TARGETED_DEVICE_FAMILY = "1,2";
			};
			name = Debug;
		};
		C90D4A1128602E5900677561 /* Release */ = {
			isa = XCBuildConfiguration;
			buildSettings = {
				ASSETCATALOG_COMPILER_APPICON_NAME = AppIcon;
				ASSETCATALOG_COMPILER_GLOBAL_ACCENT_COLOR_NAME = AccentColor;
				CODE_SIGN_ENTITLEMENTS = 7even/7even.entitlements;
				CODE_SIGN_STYLE = Automatic;
				CURRENT_PROJECT_VERSION = 1;
				DEVELOPMENT_ASSET_PATHS = "\"7even/Preview Content\"";
				DEVELOPMENT_TEAM = P66CL8827J;
				ENABLE_PREVIEWS = YES;
				GENERATE_INFOPLIST_FILE = YES;
				INFOPLIST_KEY_UIApplicationSceneManifest_Generation = YES;
				INFOPLIST_KEY_UIApplicationSupportsIndirectInputEvents = YES;
				INFOPLIST_KEY_UILaunchScreen_Generation = YES;
				INFOPLIST_KEY_UISupportedInterfaceOrientations_iPad = "UIInterfaceOrientationPortrait UIInterfaceOrientationPortraitUpsideDown UIInterfaceOrientationLandscapeLeft UIInterfaceOrientationLandscapeRight";
				INFOPLIST_KEY_UISupportedInterfaceOrientations_iPhone = "UIInterfaceOrientationPortrait UIInterfaceOrientationLandscapeLeft UIInterfaceOrientationLandscapeRight";
				LD_RUNPATH_SEARCH_PATHS = (
					"$(inherited)",
					"@executable_path/Frameworks",
				);
				MARKETING_VERSION = 1.0;
				PRODUCT_BUNDLE_IDENTIFIER = "MiniChallenge.-even";
				PRODUCT_NAME = "$(TARGET_NAME)";
				SWIFT_EMIT_LOC_STRINGS = YES;
				SWIFT_VERSION = 5.0;
				TARGETED_DEVICE_FAMILY = "1,2";
			};
			name = Release;
		};
/* End XCBuildConfiguration section */

/* Begin XCConfigurationList section */
		C90D49FC28602E5800677561 /* Build configuration list for PBXProject "7even" */ = {
			isa = XCConfigurationList;
			buildConfigurations = (
				C90D4A0D28602E5900677561 /* Debug */,
				C90D4A0E28602E5900677561 /* Release */,
			);
			defaultConfigurationIsVisible = 0;
			defaultConfigurationName = Release;
		};
		C90D4A0F28602E5900677561 /* Build configuration list for PBXNativeTarget "7even" */ = {
			isa = XCConfigurationList;
			buildConfigurations = (
				C90D4A1028602E5900677561 /* Debug */,
				C90D4A1128602E5900677561 /* Release */,
			);
			defaultConfigurationIsVisible = 0;
			defaultConfigurationName = Release;
		};
/* End XCConfigurationList section */
	};
	rootObject = C90D49F928602E5800677561 /* Project object */;
}
